<?xml version="1.0" encoding="utf-8"?>
<Project ToolsVersion="16.0" xmlns="http://schemas.microsoft.com/developer/msbuild/2003">
  <ItemGroup>
    <ClCompile Include="C:\Users\apena\Desktop\School\ITK_C\projSrc\HellowWorld.cxx">
      <Filter>Source Files</Filter>
    </ClCompile>
  </ItemGroup>
  <ItemGroup>
    <CustomBuild Include="C:\Users\apena\Desktop\School\ITK_C\projSrc\CMakeLists.txt" />
  </ItemGroup>
  <ItemGroup>
    <Filter Include="Source Files">
      <UniqueIdentifier>{4D86517E-990C-3831-9A3F-B4DE486BF6B9}</UniqueIdentifier>
    </Filter>
  </ItemGroup>
</Project>
